
Microsoft Visual Studio Solution File, Format Version 12.00
# Visual Studio Version 17
VisualStudioVersion = 17.2.32616.157
MinimumVisualStudioVersion = 10.0.40219.1
Project("{8BC9CEB8-8B4A-11D0-8D11-00A0C91BC942}") = "Programers_Make_MinNum", "Programers_Make_MinNum.vcxproj", "{B0983059-A3FD-4EE9-9FCC-BC58888DE53E}"
EndProject
Global
	GlobalSection(SolutionConfigurationPlatforms) = preSolution
		Debug|x64 = Debug|x64
		Debug|x86 = Debug|x86
		Release|x64 = Release|x64
		Release|x86 = Release|x86
	EndGlobalSection
	GlobalSection(ProjectConfigurationPlatforms) = postSolution
		{B0983059-A3FD-4EE9-9FCC-BC58888DE53E}.Debug|x64.ActiveCfg = Debug|x64
		{B0983059-A3FD-4EE9-9FCC-BC58888DE53E}.Debug|x64.Build.0 = Debug|x64
		{B0983059-A3FD-4EE9-9FCC-BC58888DE53E}.Debug|x86.ActiveCfg = Debug|Win32
		{B0983059-A3FD-4EE9-9FCC-BC58888DE53E}.Debug|x86.Build.0 = Debug|Win32
		{B0983059-A3FD-4EE9-9FCC-BC58888DE53E}.Release|x64.ActiveCfg = Release|x64
		{B0983059-A3FD-4EE9-9FCC-BC58888DE53E}.Release|x64.Build.0 = Release|x64
		{B0983059-A3FD-4EE9-9FCC-BC58888DE53E}.Release|x86.ActiveCfg = Release|Win32
		{B0983059-A3FD-4EE9-9FCC-BC58888DE53E}.Release|x86.Build.0 = Release|Win32
	EndGlobalSection
	GlobalSection(SolutionProperties) = preSolution
		HideSolutionNode = FALSE
	EndGlobalSection
	GlobalSection(ExtensibilityGlobals) = postSolution
		SolutionGuid = {B7ECA7EF-220F-4023-8221-38E20EB3F329}
	EndGlobalSection
EndGlobal
